
Microsoft Visual Studio Solution File, Format Version 11.00
# Visual Studio 2010
Project("{FAE04EC0-301F-11D3-BF4B-00C04F79EFBC}") = "GravityBlop", "Assembly-CSharp.csproj", "{69851389-4849-F4A0-2C51-98C8DF5E64EA}"
EndProject
Global
	GlobalSection(SolutionConfigurationPlatforms) = preSolution
		Debug|Any CPU = Debug|Any CPU
		Release|Any CPU = Release|Any CPU
	EndGlobalSection
	GlobalSection(ProjectConfigurationPlatforms) = postSolution
		{69851389-4849-F4A0-2C51-98C8DF5E64EA}.Debug|Any CPU.ActiveCfg = Debug|Any CPU
		{69851389-4849-F4A0-2C51-98C8DF5E64EA}.Debug|Any CPU.Build.0 = Debug|Any CPU
		{69851389-4849-F4A0-2C51-98C8DF5E64EA}.Release|Any CPU.ActiveCfg = Release|Any CPU
		{69851389-4849-F4A0-2C51-98C8DF5E64EA}.Release|Any CPU.Build.0 = Release|Any CPU
	EndGlobalSection
	GlobalSection(SolutionProperties) = preSolution
		HideSolutionNode = FALSE
	EndGlobalSection
	GlobalSection(MonoDevelopProperties) = preSolution
		StartupItem = Assembly-CSharp.csproj
	EndGlobalSection
EndGlobal
